
Microsoft Visual Studio Solution File, Format Version 12.00
# Visual Studio Version 17
VisualStudioVersion = 17.14.36121.58
MinimumVisualStudioVersion = 10.0.40219.1
Project("{FAE04EC0-301F-11D3-BF4B-00C04F79EFBC}") = "BattleShip_Tests", "BattleShip_Tests.csproj", "{7A1D672B-86F8-4585-8795-60C163433815}"
	ProjectSection(ProjectDependencies) = postProject
		{8E7E7505-0125-421E-9466-F2DC6B56DE54} = {8E7E7505-0125-421E-9466-F2DC6B56DE54}
	EndProjectSection
EndProject
Project("{FAE04EC0-301F-11D3-BF4B-00C04F79EFBC}") = "BattleShip.Enginev2", "..\BattleShip.Enginev2\BattleShip.Enginev2.csproj", "{8E7E7505-0125-421E-9466-F2DC6B56DE54}"
EndProject
Global
	GlobalSection(SolutionConfigurationPlatforms) = preSolution
		Debug|Any CPU = Debug|Any CPU
		Release|Any CPU = Release|Any CPU
	EndGlobalSection
	GlobalSection(ProjectConfigurationPlatforms) = postSolution
		{7A1D672B-86F8-4585-8795-60C163433815}.Debug|Any CPU.ActiveCfg = Debug|Any CPU
		{7A1D672B-86F8-4585-8795-60C163433815}.Debug|Any CPU.Build.0 = Debug|Any CPU
		{7A1D672B-86F8-4585-8795-60C163433815}.Release|Any CPU.ActiveCfg = Release|Any CPU
		{7A1D672B-86F8-4585-8795-60C163433815}.Release|Any CPU.Build.0 = Release|Any CPU
		{8E7E7505-0125-421E-9466-F2DC6B56DE54}.Debug|Any CPU.ActiveCfg = Debug|Any CPU
		{8E7E7505-0125-421E-9466-F2DC6B56DE54}.Debug|Any CPU.Build.0 = Debug|Any CPU
		{8E7E7505-0125-421E-9466-F2DC6B56DE54}.Release|Any CPU.ActiveCfg = Release|Any CPU
		{8E7E7505-0125-421E-9466-F2DC6B56DE54}.Release|Any CPU.Build.0 = Release|Any CPU
	EndGlobalSection
	GlobalSection(SolutionProperties) = preSolution
		HideSolutionNode = FALSE
	EndGlobalSection
	GlobalSection(ExtensibilityGlobals) = postSolution
		SolutionGuid = {C54695B9-95E2-42BB-8968-A5A621C4FA92}
	EndGlobalSection
EndGlobal
